
Microsoft Visual Studio Solution File, Format Version 12.00
# Visual Studio Version 16
VisualStudioVersion = 16.0.29926.136
MinimumVisualStudioVersion = 10.0.40219.1
Project("{FAE04EC0-301F-11D3-BF4B-00C04F79EFBC}") = "Arknight_Roll_Tracker", "Arknight_Roll_Tracker\Arknight_Roll_Tracker.csproj", "{40A2422E-FC4A-41B4-B83C-DF0120C90535}"
EndProject
Global
	GlobalSection(SolutionConfigurationPlatforms) = preSolution
		Debug|Any CPU = Debug|Any CPU
		Release|Any CPU = Release|Any CPU
	EndGlobalSection
	GlobalSection(ProjectConfigurationPlatforms) = postSolution
		{40A2422E-FC4A-41B4-B83C-DF0120C90535}.Debug|Any CPU.ActiveCfg = Debug|Any CPU
		{40A2422E-FC4A-41B4-B83C-DF0120C90535}.Debug|Any CPU.Build.0 = Debug|Any CPU
		{40A2422E-FC4A-41B4-B83C-DF0120C90535}.Release|Any CPU.ActiveCfg = Release|Any CPU
		{40A2422E-FC4A-41B4-B83C-DF0120C90535}.Release|Any CPU.Build.0 = Release|Any CPU
	EndGlobalSection
	GlobalSection(SolutionProperties) = preSolution
		HideSolutionNode = FALSE
	EndGlobalSection
	GlobalSection(ExtensibilityGlobals) = postSolution
		SolutionGuid = {555C6AA0-D106-4C62-B118-0FB8D47CAA81}
	EndGlobalSection
EndGlobal
